{
  "name": "vanilla-js-site",
  "version": "1.0.0",
  "lockfileVersion": 2,
  "requires": true,
  "packages": {
    "": {
      "name": "vanilla-js-site",
      "version": "1.0.0",
      "license": "ISC",
      "dependencies": {
        "@adobe/adobe-client-data-layer": "^2.0.2"
      }
    },
    "node_modules/@adobe/adobe-client-data-layer": {
      "version": "2.0.2",
      "resolved": "https://registry.npmjs.org/@adobe/adobe-client-data-layer/-/adobe-client-data-layer-2.0.2.tgz",
      "integrity": "sha512-Ah0MoI+RF84G3QCjV8SF0kvPjGCkKhU/tWEe2TpTq/5nuxQy89215A6oOm4WuLv1tIV2kQ4PJooL+0LgcjUb9w==",
      "dependencies": {
        "lodash": "^4.17.15"
      }
    },
    "node_modules/lodash": {
      "version": "4.17.21",
      "resolved": "https://registry.npmjs.org/lodash/-/lodash-4.17.21.tgz",
      "integrity": "sha512-v2kDEe57lecTulaDIuNTPy3Ry4gLGJ6Z1O3vE1krgXZNrsQ+LFTGHVxVjcXPs17LhbZVGedAJv8XZ1tvj5FvSg=="
    }
  },
  "dependencies": {
    "@adobe/adobe-client-data-layer": {
      "version": "2.0.2",
      "resolved": "https://registry.npmjs.org/@adobe/adobe-client-data-layer/-/adobe-client-data-layer-2.0.2.tgz",
      "integrity": "sha512-Ah0MoI+RF84G3QCjV8SF0kvPjGCkKhU/tWEe2TpTq/5nuxQy89215A6oOm4WuLv1tIV2kQ4PJooL+0LgcjUb9w==",
      "requires": {
        "lodash": "^4.17.15"
      }
    },
    "lodash": {
      "version": "4.17.21",
      "resolved": "https://registry.npmjs.org/lodash/-/lodash-4.17.21.tgz",
      "integrity": "sha512-v2kDEe57lecTulaDIuNTPy3Ry4gLGJ6Z1O3vE1krgXZNrsQ+LFTGHVxVjcXPs17LhbZVGedAJv8XZ1tvj5FvSg=="
    }
  }
}
